
Microsoft Visual Studio Solution File, Format Version 12.00
# Visual Studio Version 17
VisualStudioVersion = 17.12.35309.182
MinimumVisualStudioVersion = 10.0.40219.1
Project("{FAE04EC0-301F-11D3-BF4B-00C04F79EFBC}") = "Cartas", "Cartas\Cartas.csproj", "{E2EEDE01-DB9A-4569-A2A9-88E12AD9B4F7}"
EndProject
Global
	GlobalSection(SolutionConfigurationPlatforms) = preSolution
		Debug|Any CPU = Debug|Any CPU
		Release|Any CPU = Release|Any CPU
	EndGlobalSection
	GlobalSection(ProjectConfigurationPlatforms) = postSolution
		{E2EEDE01-DB9A-4569-A2A9-88E12AD9B4F7}.Debug|Any CPU.ActiveCfg = Debug|Any CPU
		{E2EEDE01-DB9A-4569-A2A9-88E12AD9B4F7}.Debug|Any CPU.Build.0 = Debug|Any CPU
		{E2EEDE01-DB9A-4569-A2A9-88E12AD9B4F7}.Release|Any CPU.ActiveCfg = Release|Any CPU
		{E2EEDE01-DB9A-4569-A2A9-88E12AD9B4F7}.Release|Any CPU.Build.0 = Release|Any CPU
	EndGlobalSection
	GlobalSection(SolutionProperties) = preSolution
		HideSolutionNode = FALSE
	EndGlobalSection
	GlobalSection(ExtensibilityGlobals) = postSolution
		SolutionGuid = {33C8DA3B-ECCC-4768-84DF-F65061BB9293}
	EndGlobalSection
EndGlobal
